Microsoft Visual Studio Solution File, Format Version 12.00
# Visual Studio Version 17
VisualStudioVersion = 17.13.35931.197
MinimumVisualStudioVersion = 10.0.40219.1
Project("{FAE04EC0-301F-11D3-BF4B-00C04F79EFBC}") = "WebAPI", "WebAPI\WebAPI.csproj", "{D9D35B09-1109-4D49-BEDF-05447BA4E907}"
EndProject
Global
	GlobalSection(SolutionConfigurationPlatforms) = preSolution
		Debug|Any CPU = Debug|Any CPU
		Release|Any CPU = Release|Any CPU
	EndGlobalSection
	GlobalSection(ProjectConfigurationPlatforms) = postSolution
		{D9D35B09-1109-4D49-BEDF-05447BA4E907}.Debug|Any CPU.ActiveCfg = Debug|Any CPU
		{D9D35B09-1109-4D49-BEDF-05447BA4E907}.Debug|Any CPU.Build.0 = Debug|Any CPU
		{D9D35B09-1109-4D49-BEDF-05447BA4E907}.Release|Any CPU.ActiveCfg = Release|Any CPU
		{D9D35B09-1109-4D49-BEDF-05447BA4E907}.Release|Any CPU.Build.0 = Release|Any CPU
	EndGlobalSection
	GlobalSection(SolutionProperties) = preSolution
		HideSolutionNode = FALSE
	EndGlobalSection
	GlobalSection(ExtensibilityGlobals) = postSolution
		SolutionGuid = {3BC4C8D0-E9C4-4F95-A889-DFBD4798AD5A}
	EndGlobalSection
EndGlobal
